
Microsoft Visual Studio Solution File, Format Version 12.00
# Visual Studio Version 17
VisualStudioVersion = 17.5.33530.505
MinimumVisualStudioVersion = 10.0.40219.1
Project("{FAE04EC0-301F-11D3-BF4B-00C04F79EFBC}") = "Terraria Viet Hoa", "Terraria Viet Hoa\Terraria Viet Hoa.csproj", "{5D42111D-28E7-4D35-BBBA-F0C315A286EF}"
EndProject
Global
	GlobalSection(SolutionConfigurationPlatforms) = preSolution
		Debug|Any CPU = Debug|Any CPU
		Release|Any CPU = Release|Any CPU
	EndGlobalSection
	GlobalSection(ProjectConfigurationPlatforms) = postSolution
		{5D42111D-28E7-4D35-BBBA-F0C315A286EF}.Debug|Any CPU.ActiveCfg = Debug|Any CPU
		{5D42111D-28E7-4D35-BBBA-F0C315A286EF}.Debug|Any CPU.Build.0 = Debug|Any CPU
		{5D42111D-28E7-4D35-BBBA-F0C315A286EF}.Release|Any CPU.ActiveCfg = Release|Any CPU
		{5D42111D-28E7-4D35-BBBA-F0C315A286EF}.Release|Any CPU.Build.0 = Release|Any CPU
	EndGlobalSection
	GlobalSection(SolutionProperties) = preSolution
		HideSolutionNode = FALSE
	EndGlobalSection
	GlobalSection(ExtensibilityGlobals) = postSolution
		SolutionGuid = {DCE8DD81-87FF-48F7-AC4D-E35F7D2641D3}
	EndGlobalSection
EndGlobal
